
Microsoft Visual Studio Solution File, Format Version 12.00
# Visual Studio Version 18
VisualStudioVersion = 18.3.11310.294 d18.3
MinimumVisualStudioVersion = 10.0.40219.1
Project("{FAE04EC0-301F-11D3-BF4B-00C04F79EFBC}") = "MG.Extensions", "MG.Extensions\MG.Extensions.csproj", "{501EEB59-AF62-4E82-9E6D-BBC9593499B3}"
EndProject
Project("{FAE04EC0-301F-11D3-BF4B-00C04F79EFBC}") = "MG.Shared", "..\..\MG-Control\MG.Shared\MG.Shared.csproj", "{0FD5B2DA-6DB4-4877-1A78-B6638B816714}"
EndProject
Global
	GlobalSection(SolutionConfigurationPlatforms) = preSolution
		Debug|Any CPU = Debug|Any CPU
		Release|Any CPU = Release|Any CPU
	EndGlobalSection
	GlobalSection(ProjectConfigurationPlatforms) = postSolution
		{501EEB59-AF62-4E82-9E6D-BBC9593499B3}.Debug|Any CPU.ActiveCfg = Debug|Any CPU
		{501EEB59-AF62-4E82-9E6D-BBC9593499B3}.Debug|Any CPU.Build.0 = Debug|Any CPU
		{501EEB59-AF62-4E82-9E6D-BBC9593499B3}.Release|Any CPU.ActiveCfg = Release|Any CPU
		{501EEB59-AF62-4E82-9E6D-BBC9593499B3}.Release|Any CPU.Build.0 = Release|Any CPU
		{0FD5B2DA-6DB4-4877-1A78-B6638B816714}.Debug|Any CPU.ActiveCfg = Debug|Any CPU
		{0FD5B2DA-6DB4-4877-1A78-B6638B816714}.Debug|Any CPU.Build.0 = Debug|Any CPU
		{0FD5B2DA-6DB4-4877-1A78-B6638B816714}.Release|Any CPU.ActiveCfg = Release|Any CPU
		{0FD5B2DA-6DB4-4877-1A78-B6638B816714}.Release|Any CPU.Build.0 = Release|Any CPU
	EndGlobalSection
	GlobalSection(SolutionProperties) = preSolution
		HideSolutionNode = FALSE
	EndGlobalSection
	GlobalSection(ExtensibilityGlobals) = postSolution
		SolutionGuid = {EF96953B-7A18-4784-BB2E-1E94D3B029FB}
	EndGlobalSection
EndGlobal
